
Microsoft Visual Studio Solution File, Format Version 12.00
# Visual Studio 14
VisualStudioVersion = 14.0.23107.0
MinimumVisualStudioVersion = 10.0.40219.1
Project("{FAE04EC0-301F-11D3-BF4B-00C04F79EFBC}") = "WpfApplication1", "WpfApplication1\WpfApplication1.csproj", "{0E176B43-EB4E-41DF-879B-3FC6B3FF5544}"
EndProject
Project("{FAE04EC0-301F-11D3-BF4B-00C04F79EFBC}") = "WpfApplication2", "WpfApplication2\WpfApplication2.csproj", "{0F68C993-6A7F-46AC-8E71-705BD1ADEAD1}"
EndProject
Project("{FAE04EC0-301F-11D3-BF4B-00C04F79EFBC}") = "WpfApplication3", "WpfApplication3\WpfApplication3.csproj", "{645CE624-5CAD-4A15-85C6-5E70759E8EE3}"
EndProject
Project("{FAE04EC0-301F-11D3-BF4B-00C04F79EFBC}") = "WpfApplication4", "WpfApplication4\WpfApplication4.csproj", "{45099801-A5A0-4190-9A52-CC3272D867CF}"
EndProject
Global
	GlobalSection(SolutionConfigurationPlatforms) = preSolution
		Debug|Any CPU = Debug|Any CPU
		Release|Any CPU = Release|Any CPU
	EndGlobalSection
	GlobalSection(ProjectConfigurationPlatforms) = postSolution
		{0E176B43-EB4E-41DF-879B-3FC6B3FF5544}.Debug|Any CPU.ActiveCfg = Debug|Any CPU
		{0E176B43-EB4E-41DF-879B-3FC6B3FF5544}.Debug|Any CPU.Build.0 = Debug|Any CPU
		{0E176B43-EB4E-41DF-879B-3FC6B3FF5544}.Release|Any CPU.ActiveCfg = Release|Any CPU
		{0E176B43-EB4E-41DF-879B-3FC6B3FF5544}.Release|Any CPU.Build.0 = Release|Any CPU
		{0F68C993-6A7F-46AC-8E71-705BD1ADEAD1}.Debug|Any CPU.ActiveCfg = Debug|Any CPU
		{0F68C993-6A7F-46AC-8E71-705BD1ADEAD1}.Debug|Any CPU.Build.0 = Debug|Any CPU
		{0F68C993-6A7F-46AC-8E71-705BD1ADEAD1}.Release|Any CPU.ActiveCfg = Release|Any CPU
		{0F68C993-6A7F-46AC-8E71-705BD1ADEAD1}.Release|Any CPU.Build.0 = Release|Any CPU
		{645CE624-5CAD-4A15-85C6-5E70759E8EE3}.Debug|Any CPU.ActiveCfg = Debug|Any CPU
		{645CE624-5CAD-4A15-85C6-5E70759E8EE3}.Debug|Any CPU.Build.0 = Debug|Any CPU
		{645CE624-5CAD-4A15-85C6-5E70759E8EE3}.Release|Any CPU.ActiveCfg = Release|Any CPU
		{645CE624-5CAD-4A15-85C6-5E70759E8EE3}.Release|Any CPU.Build.0 = Release|Any CPU
		{45099801-A5A0-4190-9A52-CC3272D867CF}.Debug|Any CPU.ActiveCfg = Debug|Any CPU
		{45099801-A5A0-4190-9A52-CC3272D867CF}.Debug|Any CPU.Build.0 = Debug|Any CPU
		{45099801-A5A0-4190-9A52-CC3272D867CF}.Release|Any CPU.ActiveCfg = Release|Any CPU
		{45099801-A5A0-4190-9A52-CC3272D867CF}.Release|Any CPU.Build.0 = Release|Any CPU
	EndGlobalSection
	GlobalSection(SolutionProperties) = preSolution
		HideSolutionNode = FALSE
	EndGlobalSection
	GlobalSection(CodealikeProperties) = postSolution
		SolutionGuid = 309e9883-e3d4-44fb-bbd5-74cddb40ac78
	EndGlobalSection
EndGlobal
