
Microsoft Visual Studio Solution File, Format Version 12.00
# Visual Studio 2013
VisualStudioVersion = 12.0.21005.1
MinimumVisualStudioVersion = 10.0.40219.1
Project("{FAE04EC0-301F-11D3-BF4B-00C04F79EFBC}") = "WpfApplication1", "WpfApplication1\WpfApplication1.csproj", "{0E176B43-EB4E-41DF-879B-3FC6B3FF5544}"
EndProject
Project("{FAE04EC0-301F-11D3-BF4B-00C04F79EFBC}") = "WpfApplication3", "WpfApplication3\WpfApplication3.csproj", "{BFC3720C-CA42-4E48-9A5D-EF0302FDE5A9}"
EndProject
Project("{FAE04EC0-301F-11D3-BF4B-00C04F79EFBC}") = "events", "events\events.csproj", "{C36E6711-6824-4570-AAE9-DB158B97A32E}"
EndProject
Project("{FAE04EC0-301F-11D3-BF4B-00C04F79EFBC}") = "WpfApplication4", "WpfApplication4\WpfApplication4.csproj", "{B4078875-8F2D-4CF7-B70F-A5D69DF33A2D}"
EndProject
Global
	GlobalSection(SolutionConfigurationPlatforms) = preSolution
		Debug|Any CPU = Debug|Any CPU
		Release|Any CPU = Release|Any CPU
	EndGlobalSection
	GlobalSection(ProjectConfigurationPlatforms) = postSolution
		{0E176B43-EB4E-41DF-879B-3FC6B3FF5544}.Debug|Any CPU.ActiveCfg = Debug|Any CPU
		{0E176B43-EB4E-41DF-879B-3FC6B3FF5544}.Debug|Any CPU.Build.0 = Debug|Any CPU
		{0E176B43-EB4E-41DF-879B-3FC6B3FF5544}.Release|Any CPU.ActiveCfg = Release|Any CPU
		{0E176B43-EB4E-41DF-879B-3FC6B3FF5544}.Release|Any CPU.Build.0 = Release|Any CPU
		{BFC3720C-CA42-4E48-9A5D-EF0302FDE5A9}.Debug|Any CPU.ActiveCfg = Debug|Any CPU
		{BFC3720C-CA42-4E48-9A5D-EF0302FDE5A9}.Debug|Any CPU.Build.0 = Debug|Any CPU
		{BFC3720C-CA42-4E48-9A5D-EF0302FDE5A9}.Release|Any CPU.ActiveCfg = Release|Any CPU
		{BFC3720C-CA42-4E48-9A5D-EF0302FDE5A9}.Release|Any CPU.Build.0 = Release|Any CPU
		{C36E6711-6824-4570-AAE9-DB158B97A32E}.Debug|Any CPU.ActiveCfg = Debug|Any CPU
		{C36E6711-6824-4570-AAE9-DB158B97A32E}.Debug|Any CPU.Build.0 = Debug|Any CPU
		{C36E6711-6824-4570-AAE9-DB158B97A32E}.Release|Any CPU.ActiveCfg = Release|Any CPU
		{C36E6711-6824-4570-AAE9-DB158B97A32E}.Release|Any CPU.Build.0 = Release|Any CPU
		{B4078875-8F2D-4CF7-B70F-A5D69DF33A2D}.Debug|Any CPU.ActiveCfg = Debug|Any CPU
		{B4078875-8F2D-4CF7-B70F-A5D69DF33A2D}.Debug|Any CPU.Build.0 = Debug|Any CPU
		{B4078875-8F2D-4CF7-B70F-A5D69DF33A2D}.Release|Any CPU.ActiveCfg = Release|Any CPU
		{B4078875-8F2D-4CF7-B70F-A5D69DF33A2D}.Release|Any CPU.Build.0 = Release|Any CPU
	EndGlobalSection
	GlobalSection(SolutionProperties) = preSolution
		HideSolutionNode = FALSE
	EndGlobalSection
	GlobalSection(CodealikeProperties) = postSolution
		SolutionGuid = 309e9883-e3d4-44fb-bbd5-74cddb40ac78
	EndGlobalSection
EndGlobal
